
Microsoft Visual Studio Solution File, Format Version 12.00
# Visual Studio 15
VisualStudioVersion = 15.0.27703.2035
MinimumVisualStudioVersion = 10.0.40219.1
Project("{888888A0-9F3D-457C-B088-3A5042F75D52}") = "FlaskWebProject7", "FlaskWebProject7\FlaskWebProject7.pyproj", "{4DF04DFD-FAAF-4036-B8AD-52FF21CD26F6}"
EndProject
Global
	GlobalSection(SolutionConfigurationPlatforms) = preSolution
		Debug|Any CPU = Debug|Any CPU
		Release|Any CPU = Release|Any CPU
	EndGlobalSection
	GlobalSection(ProjectConfigurationPlatforms) = postSolution
		{4DF04DFD-FAAF-4036-B8AD-52FF21CD26F6}.Debug|Any CPU.ActiveCfg = Debug|Any CPU
		{4DF04DFD-FAAF-4036-B8AD-52FF21CD26F6}.Debug|Any CPU.Build.0 = Debug|Any CPU
		{4DF04DFD-FAAF-4036-B8AD-52FF21CD26F6}.Release|Any CPU.ActiveCfg = Release|Any CPU
		{4DF04DFD-FAAF-4036-B8AD-52FF21CD26F6}.Release|Any CPU.Build.0 = Release|Any CPU
	EndGlobalSection
	GlobalSection(SolutionProperties) = preSolution
		HideSolutionNode = FALSE
	EndGlobalSection
	GlobalSection(ExtensibilityGlobals) = postSolution
		SolutionGuid = {EE5E456C-CA63-43C6-ABC1-8AB2FFB8C31D}
	EndGlobalSection
EndGlobal
